version = 1
revision = 3
requires-python = "==3.9.*"

[[package]]
name = "attrs"
version = "26.1.0"
source = { registry = "https://pypi.org/simple" }
sdist = { url = "https://files.pythonhosted.org/packages/9a/8e/82a0fe20a541c03148528be8cac2408564a6c9a0cc7e9171802bc1d26985/attrs-26.1.0.tar.gz", hash = "sha256:d03ceb89cb322a8fd706d4fb91940737b6642aa36998fe130a9bc96c985eff32", size = 952055, upload-time = "2026-03-19T14:22:25.026Z" }
wheels = [
    { url = "https://files.pythonhosted.org/packages/64/b4/17d4b0b2a2dc85a6df63d1157e028ed19f90d4cd97c36717afef2bc2f395/attrs-26.1.0-py3-none-any.whl", hash = "sha256:c647aa4a12dfbad9333ca4e71fe62ddc36f4e63b2d260a37a8b83d2f043ac309", size = 67548, upload-time = "2026-03-19T14:22:23.645Z" },
]

[[package]]
name = "certifi"
version = "2026.5.20"
source = { registry = "https://pypi.org/simple" }
sdist = { url = "https://files.pythonhosted.org/packages/f3/ce/ee2ecad540810a79593028e88299baeae54d346cc7a0d94b6199988b89b1/certifi-2026.5.20.tar.gz", hash = "sha256:69dea482ab64caa7b9f6aba1c6bf48bb6a5448d1c0f1b17ab42ad8c763a5344d", size = 135422, upload-time = "2026-05-20T11:46:50.073Z" }
wheels = [
    { url = "https://files.pythonhosted.org/packages/59/8c/57e832b7af6d7c5abe66eb3fbe3a3a32f4d11ea23a1aa7131371035be991/certifi-2026.5.20-py3-none-any.whl", hash = "sha256:3c52e209ba0a4ad7aebe60436a4ab349c39e1e602e8c134221e546902ad25897", size = 134134, upload-time = "2026-05-20T11:46:48.578Z" },
]

[[package]]
name = "chardet"
version = "3.0.4"
source = { registry = "https://pypi.org/simple" }
sdist = { url = "https://files.pythonhosted.org/packages/fc/bb/a5768c230f9ddb03acc9ef3f0d4a3cf93462473795d18e9535498c8f929d/chardet-3.0.4.tar.gz", hash = "sha256:84ab92ed1c4d4f16916e05906b6b75a6c0fb5db821cc65e70cbd64a3e2a5eaae", size = 1868453, upload-time = "2017-06-08T14:34:35.581Z" }
wheels = [
    { url = "https://files.pythonhosted.org/packages/bc/a9/01ffebfb562e4274b6487b4bb1ddec7ca55ec7510b22e4c51f14098443b8/chardet-3.0.4-py2.py3-none-any.whl", hash = "sha256:fc323ffcaeaed0e0a02bf4d117757b98aed530d9ed4531e3e15460124c106691", size = 133356, upload-time = "2017-06-08T14:34:33.552Z" },
]

[[package]]
name = "click"
version = "8.1.8"
source = { registry = "https://pypi.org/simple" }
dependencies = [
    { name = "colorama", marker = "sys_platform == 'win32'" },
]
sdist = { url = "https://files.pythonhosted.org/packages/b9/2e/0090cbf739cee7d23781ad4b89a9894a41538e4fcf4c31dcdd705b78eb8b/click-8.1.8.tar.gz", hash = "sha256:ed53c9d8990d83c2a27deae68e4ee337473f6330c040a31d4225c9574d16096a", size = 226593, upload-time = "2024-12-21T18:38:44.339Z" }
wheels = [
    { url = "https://files.pythonhosted.org/packages/7e/d4/7ebdbd03970677812aac39c869717059dbb71a4cfc033ca6e5221787892c/click-8.1.8-py3-none-any.whl", hash = "sha256:63c132bbbed01578a06712a2d1f497bb62d9c1c0d329b7903a866228027263b2", size = 98188, upload-time = "2024-12-21T18:38:41.666Z" },
]

[[package]]
name = "colorama"
version = "0.4.6"
source = { registry = "https://pypi.org/simple" }
sdist = { url = "https://files.pythonhosted.org/packages/d8/53/6f443c9a4a8358a93a6792e2acffb9d9d5cb0a5cfd8802644b7b1c9a02e4/colorama-0.4.6.tar.gz", hash = "sha256:08695f5cb7ed6e0531a20572697297273c47b8cae5a63ffc6d6ed5c201be6e44", size = 27697, upload-time = "2022-10-25T02:36:22.414Z" }
wheels = [
    { url = "https://files.pythonhosted.org/packages/d1/d6/3965ed04c63042e047cb6a3e6ed1a63a35087b6a609aa3a15ed8ac56c221/colorama-0.4.6-py2.py3-none-any.whl", hash = "sha256:4f1d9991f5acc0ca119f9d443620b77f9d6b33703e51011c16baf57afb285fc6", size = 25335, upload-time = "2022-10-25T02:36:20.889Z" },
]

[[package]]
name = "dpkt"
version = "1.9.8"
source = { registry = "https://pypi.org/simple" }
sdist = { url = "https://files.pythonhosted.org/packages/c9/7d/52f17a794db52a66e46ebb0c7549bf2f035ed61d5a920ba4aaa127dd038e/dpkt-1.9.8.tar.gz", hash = "sha256:43f8686e455da5052835fd1eda2689d51de3670aac9799b1b00cfd203927ee45", size = 180073, upload-time = "2022-08-18T05:54:13.582Z" }
wheels = [
    { url = "https://files.pythonhosted.org/packages/11/79/479e2194c9096b92aecdf33634ae948d2be306c6011673e98ee1917f32c2/dpkt-1.9.8-py3-none-any.whl", hash = "sha256:4da4d111d7bf67575b571f5c678c71bddd2d8a01a3d57d489faf0a92c748fbfd", size = 194973, upload-time = "2022-08-18T05:54:10.793Z" },
]

[[package]]
name = "editdistance"
version = "0.5.3"
source = { registry = "https://pypi.org/simple" }
sdist = { url = "https://files.pythonhosted.org/packages/12/b6/98874ea5f6280bf63f899827978d99635de91f5e9af60cc290715cd192e3/editdistance-0.5.3.tar.gz", hash = "sha256:89d016dda04649b2c49e12b34337755a7b612bfd690420edd50ab31787120c1f", size = 27463, upload-time = "2019-03-10T08:57:43.375Z" }

[[package]]
name = "flex"
version = "6.14.1"
source = { registry = "https://pypi.org/simple" }
dependencies = [
    { name = "click" },
    { name = "jsonpointer" },
    { name = "pyyaml" },
    { name = "requests" },
    { name = "rfc3987" },
    { name = "six" },
    { name = "strict-rfc3339" },
    { name = "validate-email" },
]
sdist = { url = "https://files.pythonhosted.org/packages/de/51/f3bf1779a12e92c3bf9f2d0ee242298775ef625adb596951090bdd24854f/flex-6.14.1.tar.gz", hash = "sha256:292ed6a37f1ac0a10ad8669f5ceb82e8ba3106c16c54090820927bac8b0b29eb", size = 40864, upload-time = "2019-09-14T20:20:22.288Z" }

[[package]]
name = "graphviz"
version = "0.14.2"
source = { registry = "https://pypi.org/simple" }
sdist = { url = "https://files.pythonhosted.org/packages/d9/2f/0a34b00d05e3244ce65041cabf7b637ed2e727c3a053c86b1cebd11f190d/graphviz-0.14.2.zip", hash = "sha256:92b7637ece63c77e3d39221ae1f4df98e9256cb449e9860c598335b34496d195", size = 184157, upload-time = "2020-10-07T09:06:43.974Z" }
wheels = [
    { url = "https://files.pythonhosted.org/packages/1f/15/829918d2078de497d9905cb620be4e17caa75829d741a7c1649257316ea5/graphviz-0.14.2-py2.py3-none-any.whl", hash = "sha256:78b28ee9f777da6c5e0b9e1bb1adba3975ec74c6ce85f001cbe964eb0b24d43e", size = 18476, upload-time = "2020-10-07T09:06:41.542Z" },
]

[[package]]
name = "idna"
version = "2.10"
source = { registry = "https://pypi.org/simple" }
sdist = { url = "https://files.pythonhosted.org/packages/ea/b7/e0e3c1c467636186c39925827be42f16fee389dc404ac29e930e9136be70/idna-2.10.tar.gz", hash = "sha256:b307872f855b18632ce0c21c5e45be78c0ea7ae4c15c828c20788b26921eb3f6", size = 175616, upload-time = "2020-06-27T23:45:05.21Z" }
wheels = [
    { url = "https://files.pythonhosted.org/packages/a2/38/928ddce2273eaa564f6f50de919327bf3a00f091b5baba8dfa9460f3a8a8/idna-2.10-py2.py3-none-any.whl", hash = "sha256:b97d804b1e9b523befed77c48dacec60e6dcb0b5391d57af6a65a312a90648c0", size = 58811, upload-time = "2020-06-27T23:45:03.457Z" },
]

[[package]]
name = "isodate"
version = "0.7.2"
source = { registry = "https://pypi.org/simple" }
sdist = { url = "https://files.pythonhosted.org/packages/54/4d/e940025e2ce31a8ce1202635910747e5a87cc3a6a6bb2d00973375014749/isodate-0.7.2.tar.gz", hash = "sha256:4cd1aa0f43ca76f4a6c6c0292a85f40b35ec2e43e315b59f06e6d32171a953e6", size = 29705, upload-time = "2024-10-08T23:04:11.5Z" }
wheels = [
    { url = "https://files.pythonhosted.org/packages/15/aa/0aca39a37d3c7eb941ba736ede56d689e7be91cab5d9ca846bde3999eba6/isodate-0.7.2-py3-none-any.whl", hash = "sha256:28009937d8031054830160fce6d409ed342816b543597cece116d966c6d99e15", size = 22320, upload-time = "2024-10-08T23:04:09.501Z" },
]

[[package]]
name = "joblib"
version = "1.5.3"
source = { registry = "https://pypi.org/simple" }
sdist = { url = "https://files.pythonhosted.org/packages/41/f2/d34e8b3a08a9cc79a50b2208a93dce981fe615b64d5a4d4abee421d898df/joblib-1.5.3.tar.gz", hash = "sha256:8561a3269e6801106863fd0d6d84bb737be9e7631e33aaed3fb9ce5953688da3", size = 331603, upload-time = "2025-12-15T08:41:46.427Z" }
wheels = [
    { url = "https://files.pythonhosted.org/packages/7b/91/984aca2ec129e2757d1e4e3c81c3fcda9d0f85b74670a094cc443d9ee949/joblib-1.5.3-py3-none-any.whl", hash = "sha256:5fc3c5039fc5ca8c0276333a188bbd59d6b7ab37fe6632daa76bc7f9ec18e713", size = 309071, upload-time = "2025-12-15T08:41:44.973Z" },
]

[[package]]
name = "jsonpointer"
version = "3.0.0"
source = { registry = "https://pypi.org/simple" }
sdist = { url = "https://files.pythonhosted.org/packages/6a/0a/eebeb1fa92507ea94016a2a790b93c2ae41a7e18778f85471dc54475ed25/jsonpointer-3.0.0.tar.gz", hash = "sha256:2b2d729f2091522d61c3b31f82e11870f60b68f43fbc705cb76bf4b832af59ef", size = 9114, upload-time = "2024-06-10T19:24:42.462Z" }
wheels = [
    { url = "https://files.pythonhosted.org/packages/71/92/5e77f98553e9e75130c78900d000368476aed74276eb8ae8796f65f00918/jsonpointer-3.0.0-py2.py3-none-any.whl", hash = "sha256:13e088adc14fca8b6aa8177c044e12701e6ad4b28ff10e65f2267a90109c9942", size = 7595, upload-time = "2024-06-10T19:24:40.698Z" },
]

[[package]]
name = "jsonschema"
version = "3.2.0"
source = { registry = "https://pypi.org/simple" }
dependencies = [
    { name = "attrs" },
    { name = "pyrsistent" },
    { name = "setuptools" },
    { name = "six" },
]
sdist = { url = "https://files.pythonhosted.org/packages/69/11/a69e2a3c01b324a77d3a7c0570faa372e8448b666300c4117a516f8b1212/jsonschema-3.2.0.tar.gz", hash = "sha256:c8a85b28d377cc7737e46e2d9f2b4f44ee3c0e1deac6bf46ddefc7187d30797a", size = 167226, upload-time = "2019-11-18T12:57:10.704Z" }
wheels = [
    { url = "https://files.pythonhosted.org/packages/c5/8f/51e89ce52a085483359217bc72cdbf6e75ee595d5b1d4b5ade40c7e018b8/jsonschema-3.2.0-py2.py3-none-any.whl", hash = "sha256:4e5b3cf8216f577bee9ce139cbe72eca3ea4f292ec60928ff24758ce626cd163", size = 56305, upload-time = "2019-11-18T12:57:08.454Z" },
]

[[package]]
name = "morest"
version = "1.0.0"
source = { virtual = "." }
dependencies = [
    { name = "dpkt" },
    { name = "editdistance" },
    { name = "flex" },
    { name = "graphviz" },
    { name = "nltk" },
    { name = "numpy" },
    { name = "openapi-schema-validator" },
    { name = "openapi-spec-validator" },
    { name = "prance" },
    { name = "pydblite" },
    { name = "requests" },
    { name = "rstr" },
    { name = "scikit-learn" },
    { name = "scipy" },
    { name = "setuptools" },
]

[package.metadata]
requires-dist = [
    { name = "dpkt", specifier = "==1.9.8" },
    { name = "editdistance", specifier = "==0.5.3" },
    { name = "flex", specifier = "==6.14.1" },
    { name = "graphviz", specifier = "==0.14.2" },
    { name = "nltk", specifier = "==3.6.3" },
    { name = "numpy", specifier = "==1.19.5" },
    { name = "openapi-schema-validator", specifier = "==0.1.6" },
    { name = "openapi-spec-validator", specifier = "==0.3.3" },
    { name = "prance", specifier = "==0.19.0" },
    { name = "pydblite", specifier = ">=3.0.4" },
    { name = "requests", specifier = "==2.24.0" },
    { name = "rstr", specifier = "==2.2.6" },
    { name = "scikit-learn", specifier = ">=0.24,<1" },
    { name = "scipy", specifier = "==1.5.4" },
    { name = "setuptools", specifier = "<80" },
]

[[package]]
name = "nltk"
version = "3.6.3"
source = { registry = "https://pypi.org/simple" }
dependencies = [
    { name = "click" },
    { name = "joblib" },
    { name = "regex" },
    { name = "tqdm" },
]
sdist = { url = "https://files.pythonhosted.org/packages/06/27/c707d819bcb33796d12bac4bd61e40dd977f833bfbd161bd66c7e3f1c9c6/nltk-3.6.3.zip", hash = "sha256:5db64a976e88cef0db9200c7f25aeceba8a86efbe09cc824f01a6d3163f7e937", size = 6295665, upload-time = "2021-09-20T06:01:02.137Z" }
wheels = [
    { url = "https://files.pythonhosted.org/packages/5e/a0/04763ddc4bf3bac6f3bd38934c36a0f3ac30e48c39a51b3ec5649ed17374/nltk-3.6.3-py3-none-any.whl", hash = "sha256:665225d585367f64a73ff1cb436964b425304dc772406653412e19dfe0157688", size = 1453758, upload-time = "2021-09-20T06:00:58.873Z" },
]

[[package]]
name = "numpy"
version = "1.19.5"
source = { registry = "https://pypi.org/simple" }
sdist = { url = "https://files.pythonhosted.org/packages/51/60/3f0fe5b7675a461d96b9d6729beecd3532565743278a9c3fe6dd09697fa7/numpy-1.19.5.zip", hash = "sha256:a76f502430dd98d7546e1ea2250a7360c065a5fdea52b2dffe8ae7180909b6f4", size = 7318340, upload-time = "2021-01-05T17:45:27.995Z" }
wheels = [
    { url = "https://files.pythonhosted.org/packages/e1/c5/65b2f257a154c7fabc1895b435e7863a1f0bb1769d3c28f1500976e090ee/numpy-1.19.5-cp39-cp39-macosx_10_9_x86_64.whl", hash = "sha256:c843b3f50d1ab7361ca4f0b3639bf691569493a56808a0b0c54a051d260b7dbd", size = 15627844, upload-time = "2021-01-05T17:38:07.188Z" },
    { url = "https://files.pythonhosted.org/packages/a7/67/06b4c4af90b22ce97270eb75927e42b31b814be44a28e12ec2d9ff8995e7/numpy-1.19.5-cp39-cp39-manylinux1_i686.whl", hash = "sha256:d6631f2e867676b13026e2846180e2c13c1e11289d67da08d71cacb2cd93d4aa", size = 11495111, upload-time = "2021-01-05T17:38:48.451Z" },
    { url = "https://files.pythonhosted.org/packages/89/62/189b502767f70a310a010c397fcd52169fdf75f6876e52beb54e98f1ce93/numpy-1.19.5-cp39-cp39-manylinux1_x86_64.whl", hash = "sha256:7fb43004bce0ca31d8f13a6eb5e943fa73371381e53f7074ed21a4cb786c32f8", size = 13392564, upload-time = "2021-01-05T17:39:35.606Z" },
    { url = "https://files.pythonhosted.org/packages/60/f1/9afcfd695ffa3d8295aa2180ae9499f3ab03ddde7ac559c320945f7c4725/numpy-1.19.5-cp39-cp39-manylinux2010_i686.whl", hash = "sha256:2ea52bd92ab9f768cc64a4c3ef8f4b2580a17af0a5436f6126b08efbd1838371", size = 12602683, upload-time = "2021-01-05T17:40:20.035Z" },
    { url = "https://files.pythonhosted.org/packages/f7/50/02c0fb5d913901ad643934713a31567df9b5065c28efc9672b707f80dfb1/numpy-1.19.5-cp39-cp39-manylinux2010_x86_64.whl", hash = "sha256:400580cbd3cff6ffa6293df2278c75aef2d58d8d93d3c5614cd67981dae68ceb", size = 14886464, upload-time = "2021-01-05T17:41:13.272Z" },
    { url = "https://files.pythonhosted.org/packages/91/11/059ef2ef98f9eea49ece6d6046bc537c3050c575108a51a624a179c8e7e3/numpy-1.19.5-cp39-cp39-manylinux2014_aarch64.whl", hash = "sha256:df609c82f18c5b9f6cb97271f03315ff0dbe481a2a02e56aeb1b1a985ce38e60", size = 12411067, upload-time = "2021-01-05T17:41:57.002Z" },
    { url = "https://files.pythonhosted.org/packages/77/fb/f0b570d098e23a899c8e64b3ceaa51bcba617789a45d8b558ad255aa867a/numpy-1.19.5-cp39-cp39-win32.whl", hash = "sha256:ab83f24d5c52d60dbc8cd0528759532736b56db58adaa7b5f1f76ad551416a1e", size = 11029423, upload-time = "2021-01-05T17:42:40.606Z" },
    { url = "https://files.pythonhosted.org/packages/bc/40/d6f7ba9ce5406b578e538325828ea43849a3dfd8db63d1147a257d19c8d1/numpy-1.19.5-cp39-cp39-win_amd64.whl", hash = "sha256:0eef32ca3132a48e43f6a0f5a82cb508f22ce5a3d6f67a8329c81c8e226d3f6e", size = 13267873, upload-time = "2021-01-05T17:43:27.807Z" },
]

[[package]]
name = "openapi-schema-validator"
version = "0.1.6"
source = { registry = "https://pypi.org/simple" }
dependencies = [
    { name = "isodate" },
    { name = "jsonschema" },
    { name = "six" },
]
sdist = { url = "https://files.pythonhosted.org/packages/b0/92/78320f3b3ff1768ee1e325fc7e1a721c16cee1e244d9fb6817971afb78db/openapi-schema-validator-0.1.6.tar.gz", hash = "sha256:230db361c71a5b08b25ec926797ac8b59a8f499bbd7316bd15b6cd0fc9aea5df", size = 7068, upload-time = "2021-12-28T11:31:16.934Z" }
wheels = [
    { url = "https://files.pythonhosted.org/packages/b9/4b/4cf4b5b044606fd7765242219ba5e02d3c01550d43fab68e588191508fc1/openapi_schema_validator-0.1.6-py3-none-any.whl", hash = "sha256:af023ae0d16372cf8dd0d128c9f3eaa080dc3cd5dfc69e6a247579f25bd10503", size = 7949, upload-time = "2021-12-28T11:31:18.046Z" },
]

[[package]]
name = "openapi-spec-validator"
version = "0.3.3"
source = { registry = "https://pypi.org/simple" }
dependencies = [
    { name = "jsonschema" },
    { name = "openapi-schema-validator" },
    { name = "pyrsistent" },
    { name = "pyyaml" },
    { name = "setuptools" },
    { name = "six" },
]
sdist = { url = "https://files.pythonhosted.org/packages/1d/3a/d42f3f2ff0ecb8f902cbfa0f0ffde59cb2f8deec71ee057ffbd77bf0ac53/openapi-spec-validator-0.3.3.tar.gz", hash = "sha256:43d606c5910ed66e1641807993bd0a981de2fc5da44f03e1c4ca2bb65b94b68e", size = 26881, upload-time = "2022-01-27T10:47:01.645Z" }
wheels = [
    { url = "https://files.pythonhosted.org/packages/95/06/9b183f889f32fd1532828eea3c2fb1387921e0263584a31a1d7065a7e77b/openapi_spec_validator-0.3.3-py2.py3-none-any.whl", hash = "sha256:49d7da81996714445116f6105c9c5955c0e197ef8636da4f368c913f64753443", size = 31790, upload-time = "2022-01-27T10:47:02.947Z" },
]

[[package]]
name = "prance"
version = "0.19.0"
source = { registry = "https://pypi.org/simple" }
dependencies = [
    { name = "chardet" },
    { name = "pyyaml" },
    { name = "requests" },
    { name = "semver" },
    { name = "six" },
]
sdist = { url = "https://files.pythonhosted.org/packages/72/8b/f4b9f5e4e28288685df8d2fc529b96cb9ac375233bcb4dfb20e9ca0e070f/prance-0.19.0.tar.gz", hash = "sha256:86ec64378036471efdd9681648d8da6b39e5143ea2e6981b7863a33fbc75d739", size = 2798413, upload-time = "2020-06-24T08:18:16.912Z" }
wheels = [
    { url = "https://files.pythonhosted.org/packages/70/f3/74ca07fb11f1b958984cd9fb9dc4d272458d173d490e5b08245d2ea16065/prance-0.19.0-py2.py3-none-any.whl", hash = "sha256:b87504dffb40c1e29aca0ca01f5f3dbb1941f29fd32c3a5e0fbd90ae37f749a3", size = 33621, upload-time = "2020-06-24T08:18:15.25Z" },
]

[[package]]
name = "pydblite"
version = "3.0.4"
source = { registry = "https://pypi.org/simple" }
sdist = { url = "https://files.pythonhosted.org/packages/55/bc/a8e7078bd50411d43c05407cfefc0fd1d42e5722c1d544bd243125de30a8/PyDbLite-3.0.4.tar.gz", hash = "sha256:79ed97d17b5954c6fa8927d9f36033cb4486d1304005057d506ac1dee999bad6", size = 510241, upload-time = "2016-04-19T23:21:43.911Z" }

[[package]]
name = "pyrsistent"
version = "0.16.1"
source = { registry = "https://pypi.org/simple" }
dependencies = [
    { name = "six" },
]
sdist = { url = "https://files.pythonhosted.org/packages/80/18/1492d651693ef7d40e0a40377ed56a8cc5c5fe86073eb6c56e53513f4480/pyrsistent-0.16.1.tar.gz", hash = "sha256:aa2ae1c2e496f4d6777f869ea5de7166a8ccb9c2e06ebcf6c7ff1b670c98c5ef", size = 108176, upload-time = "2020-09-13T06:51:59.526Z" }

[[package]]
name = "pyyaml"
version = "5.4.1"
source = { registry = "https://pypi.org/simple" }
sdist = { url = "https://files.pythonhosted.org/packages/a0/a4/d63f2d7597e1a4b55aa3b4d6c5b029991d3b824b5bd331af8d4ab1ed687d/PyYAML-5.4.1.tar.gz", hash = "sha256:607774cbba28732bfa802b54baa7484215f530991055bb562efbed5b2f20a45e", size = 175147, upload-time = "2021-01-20T22:07:59.479Z" }
wheels = [
    { url = "https://files.pythonhosted.org/packages/e9/2d/297c01c7ed7d4d040903807824dc64d4f7bb53c15183ac9d7cb496d843eb/PyYAML-5.4.1-cp39-cp39-macosx_10_9_x86_64.whl", hash = "sha256:294db365efa064d00b8d1ef65d8ea2c3426ac366c0c4368d930bf1c5fb497f77", size = 259348, upload-time = "2021-01-20T22:07:54.468Z" },
    { url = "https://files.pythonhosted.org/packages/3d/1f/2a3705efca3b47161ceaaf52970a9d4b81cc84600818686ecd75093a00a5/PyYAML-5.4.1-cp39-cp39-manylinux1_x86_64.whl", hash = "sha256:74c1485f7707cf707a7aef42ef6322b8f97921bd89be2ab6317fd782c2d53183", size = 630116, upload-time = "2021-01-20T22:07:55.914Z" },
    { url = "https://files.pythonhosted.org/packages/38/b1/ece9535e842b64e6e0676f5e4f506f1b395d9aaaea6f3ea9abad498a8697/PyYAML-5.4.1-cp39-cp39-manylinux2014_aarch64.whl", hash = "sha256:d483ad4e639292c90170eb6f7783ad19490e7a8defb3e46f97dfe4bacae89122", size = 788834, upload-time = "2021-03-08T18:48:26.736Z" },
    { url = "https://files.pythonhosted.org/packages/74/8d/0cc7f89444cb9c54bfdf07b0c29843f2f9fe0679bdb4e56ba5042e273a61/PyYAML-5.4.1-cp39-cp39-manylinux2014_s390x.whl", hash = "sha256:fdc842473cd33f45ff6bce46aea678a54e3d21f1b61a7750ce3c498eedfe25d6", size = 814667, upload-time = "2021-03-08T18:48:28.515Z" },
    { url = "https://files.pythonhosted.org/packages/28/4c/e1e281a7b74f2422ae05fdfc2cb1a8a055b30dbec58a94054eac85d355a1/PyYAML-5.4.1-cp39-cp39-win32.whl", hash = "sha256:49d4cdd9065b9b6e206d0595fee27a96b5dd22618e7520c33204a4a3239d5b10", size = 196288, upload-time = "2021-01-20T22:07:57.05Z" },
    { url = "https://files.pythonhosted.org/packages/bd/cb/9a65a8a852868ebfb7f6e631c2c0bf7e39c9f7a757ee329078a35534fc5b/PyYAML-5.4.1-cp39-cp39-win_amd64.whl", hash = "sha256:c20cfa2d49991c8b4147af39859b167664f2ad4561704ee74c1de03318e898db", size = 213425, upload-time = "2021-01-20T22:07:58.45Z" },
]

[[package]]
name = "regex"
version = "2026.1.15"
source = { registry = "https://pypi.org/simple" }
sdist = { url = "https://files.pythonhosted.org/packages/0b/86/07d5056945f9ec4590b518171c4254a5925832eb727b56d3c38a7476f316/regex-2026.1.15.tar.gz", hash = "sha256:164759aa25575cbc0651bef59a0b18353e54300d79ace8084c818ad8ac72b7d5", size = 414811, upload-time = "2026-01-14T23:18:02.775Z" }
wheels = [
    { url = "https://files.pythonhosted.org/packages/a2/e7/0e1913dc52eee9c5cf8417c9813c4c55972a3f37d27cfa2e623b79b63dbc/regex-2026.1.15-cp39-cp39-macosx_10_9_universal2.whl", hash = "sha256:55b4ea996a8e4458dd7b584a2f89863b1655dd3d17b88b46cbb9becc495a0ec5", size = 488185, upload-time = "2026-01-14T23:17:25.2Z" },
    { url = "https://files.pythonhosted.org/packages/78/df/c52c1ff4221529faad0953e197982fe9508c6dbb42327e31bf98ea07472a/regex-2026.1.15-cp39-cp39-macosx_10_9_x86_64.whl", hash = "sha256:7e1e28be779884189cdd57735e997f282b64fd7ccf6e2eef3e16e57d7a34a815", size = 290628, upload-time = "2026-01-14T23:17:27.125Z" },
    { url = "https://files.pythonhosted.org/packages/4b/d2/a2fef3717deaff647d7de2bccf899a576c7eaf042b6b271fc4474515fe97/regex-2026.1.15-cp39-cp39-macosx_11_0_arm64.whl", hash = "sha256:0057de9eaef45783ff69fa94ae9f0fd906d629d0bd4c3217048f46d1daa32e9b", size = 288509, upload-time = "2026-01-14T23:17:29.017Z" },
    { url = "https://files.pythonhosted.org/packages/70/89/faf5ee5c69168753c845a3d58b4683f61c899d162bfe1264fca88d5b3924/regex-2026.1.15-cp39-cp39-manylinux2014_aarch64.manylinux_2_17_aarch64.manylinux_2_28_aarch64.whl", hash = "sha256:cc7cd0b2be0f0269283a45c0d8b2c35e149d1319dcb4a43c9c3689fa935c1ee6", size = 781088, upload-time = "2026-01-14T23:17:30.961Z" },
    { url = "https://files.pythonhosted.org/packages/7d/2c/707e5c380ad547c93686e21144e7e24dc2064dd84ec5b751b6dbdfc9be2b/regex-2026.1.15-cp39-cp39-manylinux2014_ppc64le.manylinux_2_17_ppc64le.manylinux_2_28_ppc64le.whl", hash = "sha256:8db052bbd981e1666f09e957f3790ed74080c2229007c1dd67afdbf0b469c48b", size = 850516, upload-time = "2026-01-14T23:17:32.946Z" },
    { url = "https://files.pythonhosted.org/packages/5d/3b/baa816cdcad1c0f8195f9f40ab2b2a2246c8a2989dcd90641c0c6559e3fd/regex-2026.1.15-cp39-cp39-manylinux2014_s390x.manylinux_2_17_s390x.manylinux_2_28_s390x.whl", hash = "sha256:343db82cb3712c31ddf720f097ef17c11dab2f67f7a3e7be976c4f82eba4e6df", size = 898124, upload-time = "2026-01-14T23:17:36.019Z" },
    { url = "https://files.pythonhosted.org/packages/e7/74/1eb46bde30899825ed9fdf645eba16b7b97c49d12d300f5177989b9a09a4/regex-2026.1.15-cp39-cp39-manylinux2014_x86_64.manylinux_2_17_x86_64.manylinux_2_28_x86_64.whl", hash = "sha256:55e9d0118d97794367309635df398bdfd7c33b93e2fdfa0b239661cd74b4c14e", size = 791290, upload-time = "2026-01-14T23:17:38.097Z" },
    { url = "https://files.pythonhosted.org/packages/c4/5d/b72e176fb21e2ec248baed01151a342d1f44dd43c2b6bb6a41ad183b274e/regex-2026.1.15-cp39-cp39-manylinux2014_x86_64.manylinux_2_17_x86_64.whl", hash = "sha256:008b185f235acd1e53787333e5690082e4f156c44c87d894f880056089e9bc7c", size = 781996, upload-time = "2026-01-14T23:17:40.109Z" },
    { url = "https://files.pythonhosted.org/packages/61/0e/d3b3710eaafd994a4a71205d114abc38cda8691692a2ce2313abe68e7eb7/regex-2026.1.15-cp39-cp39-manylinux_2_31_riscv64.manylinux_2_39_riscv64.whl", hash = "sha256:fd65af65e2aaf9474e468f9e571bd7b189e1df3a61caa59dcbabd0000e4ea839", size = 767578, upload-time = "2026-01-14T23:17:42.134Z" },
    { url = "https://files.pythonhosted.org/packages/09/51/c6a6311833e040f95d229a34d82ac1cec2af8a5c00d58b244f2fceecef87/regex-2026.1.15-cp39-cp39-musllinux_1_2_aarch64.whl", hash = "sha256:f42e68301ff4afee63e365a5fc302b81bb8ba31af625a671d7acb19d10168a8c", size = 774354, upload-time = "2026-01-14T23:17:44.392Z" },
    { url = "https://files.pythonhosted.org/packages/cc/97/c522d1f19fb2c549aaf680b115c110cd124c02062bc8c95f33db8583b4bb/regex-2026.1.15-cp39-cp39-musllinux_1_2_ppc64le.whl", hash = "sha256:f7792f27d3ee6e0244ea4697d92b825f9a329ab5230a78c1a68bd274e64b5077", size = 845297, upload-time = "2026-01-14T23:17:47.145Z" },
    { url = "https://files.pythonhosted.org/packages/99/a0/99468c386ab68a5e24c946c5c353c29c33a95523e275c17839f2446db15d/regex-2026.1.15-cp39-cp39-musllinux_1_2_riscv64.whl", hash = "sha256:dbaf3c3c37ef190439981648ccbf0c02ed99ae066087dd117fcb616d80b010a4", size = 755132, upload-time = "2026-01-14T23:17:49.796Z" },
    { url = "https://files.pythonhosted.org/packages/70/33/d5748c7b6c9d3621f12570583561ba529e2d1b12e4f70b8f17979b133e65/regex-2026.1.15-cp39-cp39-musllinux_1_2_s390x.whl", hash = "sha256:adc97a9077c2696501443d8ad3fa1b4fc6d131fc8fd7dfefd1a723f89071cf0a", size = 835662, upload-time = "2026-01-14T23:17:52.559Z" },
    { url = "https://files.pythonhosted.org/packages/ad/15/1986972c276672505437f1ba3c9706c2d91f321cfb9b2f4d06e8bff1b999/regex-2026.1.15-cp39-cp39-musllinux_1_2_x86_64.whl", hash = "sha256:069f56a7bf71d286a6ff932a9e6fb878f151c998ebb2519a9f6d1cee4bffdba3", size = 779513, upload-time = "2026-01-14T23:17:54.711Z" },
    { url = "https://files.pythonhosted.org/packages/bc/f9/124f6a5cb3969d8e30471ed4f46cfc17c47aef1a9863ee8b4ba1d98b1bc4/regex-2026.1.15-cp39-cp39-win32.whl", hash = "sha256:ea4e6b3566127fda5e007e90a8fd5a4169f0cf0619506ed426db647f19c8454a", size = 265923, upload-time = "2026-01-14T23:17:56.69Z" },
    { url = "https://files.pythonhosted.org/packages/7b/c2/bb8fad7d27f1d71fc9772befd544bccd22eddc62a6735f57b003b4aff005/regex-2026.1.15-cp39-cp39-win_amd64.whl", hash = "sha256:cda1ed70d2b264952e88adaa52eea653a33a1b98ac907ae2f86508eb44f65cdc", size = 277900, upload-time = "2026-01-14T23:17:58.72Z" },
    { url = "https://files.pythonhosted.org/packages/f7/fa/4e033327c1d8350bc812cac906d873984d3d4b39529252f392a47ccc356d/regex-2026.1.15-cp39-cp39-win_arm64.whl", hash = "sha256:b325d4714c3c48277bfea1accd94e193ad6ed42b4bad79ad64f3b8f8a31260a5", size = 270413, upload-time = "2026-01-14T23:18:00.764Z" },
]

[[package]]
name = "requests"
version = "2.24.0"
source = { registry = "https://pypi.org/simple" }
dependencies = [
    { name = "certifi" },
    { name = "chardet" },
    { name = "idna" },
    { name = "urllib3" },
]
sdist = { url = "https://files.pythonhosted.org/packages/da/67/672b422d9daf07365259958912ba533a0ecab839d4084c487a5fe9a5405f/requests-2.24.0.tar.gz", hash = "sha256:b3559a131db72c33ee969480840fff4bb6dd111de7dd27c8ee1f820f4f00231b", size = 115071, upload-time = "2020-06-17T16:30:14.123Z" }
wheels = [
    { url = "https://files.pythonhosted.org/packages/45/1e/0c169c6a5381e241ba7404532c16a21d86ab872c9bed8bdcd4c423954103/requests-2.24.0-py2.py3-none-any.whl", hash = "sha256:fe75cc94a9443b9246fc7049224f75604b113c36acb93f87b80ed42c44cbb898", size = 61826, upload-time = "2020-06-17T16:30:08.738Z" },
]

[[package]]
name = "rfc3987"
version = "1.3.8"
source = { registry = "https://pypi.org/simple" }
sdist = { url = "https://files.pythonhosted.org/packages/14/bb/f1395c4b62f251a1cb503ff884500ebd248eed593f41b469f89caa3547bd/rfc3987-1.3.8.tar.gz", hash = "sha256:d3c4d257a560d544e9826b38bc81db676890c79ab9d7ac92b39c7a253d5ca733", size = 20700, upload-time = "2018-07-29T17:23:47.954Z" }
wheels = [
    { url = "https://files.pythonhosted.org/packages/65/d4/f7407c3d15d5ac779c3dd34fbbc6ea2090f77bd7dd12f207ccf881551208/rfc3987-1.3.8-py2.py3-none-any.whl", hash = "sha256:10702b1e51e5658843460b189b185c0366d2cf4cff716f13111b0ea9fd2dce53", size = 13377, upload-time = "2018-07-29T17:23:45.313Z" },
]

[[package]]
name = "rstr"
version = "2.2.6"
source = { registry = "https://pypi.org/simple" }
sdist = { url = "https://files.pythonhosted.org/packages/be/52/f87d6a9c691329dc71eaa6263f63cc262bd818df89e2dc981720db9dc9c5/rstr-2.2.6.tar.gz", hash = "sha256:5dea822326e418e0c9816c9cd14ae9c7be2d4cd4334043c397f202bc2ae2eda4", size = 11197, upload-time = "2017-01-26T16:34:26.211Z" }
wheels = [
    { url = "https://files.pythonhosted.org/packages/b9/30/1e10f00ea45c899ab946f9bde77be49e796a28cb96797ab8b249566490ef/rstr-2.2.6-py2.py3-none-any.whl", hash = "sha256:3b3ec3bec215a4c7690bc72e1e006ce53a3edad79166dcbdf49bc614caf77f49", size = 18186, upload-time = "2017-01-26T16:34:28.581Z" },
]

[[package]]
name = "scikit-learn"
version = "0.24.2"
source = { registry = "https://pypi.org/simple" }
dependencies = [
    { name = "joblib" },
    { name = "numpy" },
    { name = "scipy" },
    { name = "threadpoolctl" },
]
sdist = { url = "https://files.pythonhosted.org/packages/05/04/507280f20fafc8bc94b41e0592938c6f4a910d0e066be7c8ff1299628f5d/scikit-learn-0.24.2.tar.gz", hash = "sha256:d14701a12417930392cd3898e9646cf5670c190b933625ebe7511b1f7d7b8736", size = 7524030, upload-time = "2021-04-28T11:19:40.561Z" }
wheels = [
    { url = "https://files.pythonhosted.org/packages/c6/6a/41fe5034d4f85c24aea9b7dca1f070bcca2ec29251d0624e87436bf5a2c0/scikit_learn-0.24.2-cp39-cp39-macosx_10_13_x86_64.whl", hash = "sha256:48f273836e19901ba2beecd919f7b352f09310ce67c762f6e53bc6b81cacf1f0", size = 7299152, upload-time = "2021-04-28T11:19:23.056Z" },
    { url = "https://files.pythonhosted.org/packages/02/7a/1ec25170b09942fd099110ba213ec9e09b1e9e0a5aeeb5596e42a7e9dd9d/scikit_learn-0.24.2-cp39-cp39-manylinux1_i686.whl", hash = "sha256:a2a47449093dcf70babc930beba2ca0423cb7df2fa5fd76be5260703d67fa574", size = 18565258, upload-time = "2021-04-28T11:19:25.468Z" },
    { url = "https://files.pythonhosted.org/packages/13/ac/7ea73841bbed1f1c60f6e960dc9bbf1401f84926ef9db69cfce07d61127a/scikit_learn-0.24.2-cp39-cp39-manylinux1_x86_64.whl", hash = "sha256:0e71ce9c7cbc20f6f8b860107ce15114da26e8675238b4b82b7e7cd37ca0c087", size = 19556544, upload-time = "2021-04-28T11:19:27.726Z" },
    { url = "https://files.pythonhosted.org/packages/82/42/397ba53eab6062b8a4e2a0a7681aed66e3e7912e59628aae592376209ffd/scikit_learn-0.24.2-cp39-cp39-manylinux2010_i686.whl", hash = "sha256:2754c85b2287333f9719db7f23fb7e357f436deed512db3417a02bf6f2830aa5", size = 22675859, upload-time = "2021-04-28T11:19:30.161Z" },
    { url = "https://files.pythonhosted.org/packages/04/e2/b43d4205124dd4c1f14606b2e2d78303db993c6653a90bf11dd0ffe23b5b/scikit_learn-0.24.2-cp39-cp39-manylinux2010_x86_64.whl", hash = "sha256:7be1b88c23cfac46e06404582215a917017cd2edaa2e4d40abe6aaff5458f24b", size = 23809736, upload-time = "2021-04-28T11:19:32.699Z" },
    { url = "https://files.pythonhosted.org/packages/bf/48/76f46db8936adf6a279daa82341f53b89cac01f40c683a3f22bc9a4362a5/scikit_learn-0.24.2-cp39-cp39-manylinux2014_aarch64.whl", hash = "sha256:4e6198675a6f9d333774671bd536668680eea78e2e81c0b19e57224f58d17f37", size = 25544637, upload-time = "2021-04-28T11:19:35.307Z" },
    { url = "https://files.pythonhosted.org/packages/7c/2d/80fbde8fcb68b9961afbd8c810d8451577c74cdd46a909c9e39481531127/scikit_learn-0.24.2-cp39-cp39-win32.whl", hash = "sha256:cbdb0b3db99dd1d5f69d31b4234367d55475add31df4d84a3bd690ef017b55e2", size = 6129308, upload-time = "2021-04-28T11:19:37.149Z" },
    { url = "https://files.pythonhosted.org/packages/eb/bb/0bf5164cf4f31eb01feff6b1c3ae205ebda58aa3fc6beaaa53617185b0e6/scikit_learn-0.24.2-cp39-cp39-win_amd64.whl", hash = "sha256:40556bea1ef26ef54bc678d00cf138a63069144a0b5f3a436eecd8f3468b903e", size = 6881380, upload-time = "2021-04-28T11:19:38.832Z" },
]

[[package]]
name = "scipy"
version = "1.5.4"
source = { registry = "https://pypi.org/simple" }
dependencies = [
    { name = "numpy" },
]
sdist = { url = "https://files.pythonhosted.org/packages/aa/d5/dd06fe0e274e579e1dff21aa021219c039df40e39709fabe559faed072a5/scipy-1.5.4.tar.gz", hash = "sha256:4a453d5e5689de62e5d38edf40af3f17560bfd63c9c5bd228c18c1f99afa155b", size = 25237512, upload-time = "2020-11-05T02:37:08.467Z" }
wheels = [
    { url = "https://files.pythonhosted.org/packages/fb/f2/90b798256041013def7561a642482e1c15db9b00339958e32d1d77181ba4/scipy-1.5.4-cp39-cp39-macosx_10_9_x86_64.whl", hash = "sha256:3d5db5d815370c28d938cf9b0809dade4acf7aba57eaf7ef733bfedc9b2474c4", size = 29098159, upload-time = "2020-11-05T01:56:43.644Z" },
    { url = "https://files.pythonhosted.org/packages/d4/4d/b89941d6455531405a472b5546eccb33f4919e1099d97e680f07634240ff/scipy-1.5.4-cp39-cp39-manylinux1_i686.whl", hash = "sha256:6b0ceb23560f46dd236a8ad4378fc40bad1783e997604ba845e131d6c680963e", size = 22849684, upload-time = "2020-11-05T01:57:19.541Z" },
    { url = "https://files.pythonhosted.org/packages/4e/ba/b6e431a25a730afe70925d6cf902bdb96006b2783956906c7dda6a7d5036/scipy-1.5.4-cp39-cp39-manylinux1_x86_64.whl", hash = "sha256:ed572470af2438b526ea574ff8f05e7f39b44ac37f712105e57fc4d53a6fb660", size = 25833516, upload-time = "2020-11-05T01:58:00.892Z" },
    { url = "https://files.pythonhosted.org/packages/9e/ae/6a45d586f85a624baa548f7ffe18e3eb4d2b05930853120f678ad0b6e4e2/scipy-1.5.4-cp39-cp39-manylinux2014_aarch64.whl", hash = "sha256:8c8d6ca19c8497344b810b0b0344f8375af5f6bb9c98bd42e33f747417ab3f57", size = 24518004, upload-time = "2020-11-05T01:58:38.144Z" },
    { url = "https://files.pythonhosted.org/packages/42/ba/ff96cb42abe35057ed3435edf05e6fa76d9dbc1983c9c5a18162fc154545/scipy-1.5.4-cp39-cp39-win32.whl", hash = "sha256:d84cadd7d7998433334c99fa55bcba0d8b4aeff0edb123b2a1dfcface538e474", size = 28376295, upload-time = "2020-11-05T01:59:20.577Z" },
    { url = "https://files.pythonhosted.org/packages/a5/6c/30c838130f75f3aaf65fdf72cc357967d7d2b569bf52c7eb788e6f1eb8c3/scipy-1.5.4-cp39-cp39-win_amd64.whl", hash = "sha256:cc1f78ebc982cd0602c9a7615d878396bec94908db67d4ecddca864d049112f2", size = 31370596, upload-time = "2020-11-05T02:00:06.951Z" },
]

[[package]]
name = "semver"
version = "2.13.0"
source = { registry = "https://pypi.org/simple" }
sdist = { url = "https://files.pythonhosted.org/packages/31/a9/b61190916030ee9af83de342e101f192bbb436c59be20a4cb0cdb7256ece/semver-2.13.0.tar.gz", hash = "sha256:fa0fe2722ee1c3f57eac478820c3a5ae2f624af8264cbdf9000c980ff7f75e3f", size = 45816, upload-time = "2020-10-20T20:16:54.454Z" }
wheels = [
    { url = "https://files.pythonhosted.org/packages/0b/70/b84f9944a03964a88031ef6ac219b6c91e8ba2f373362329d8770ef36f02/semver-2.13.0-py2.py3-none-any.whl", hash = "sha256:ced8b23dceb22134307c1b8abfa523da14198793d9787ac838e70e29e77458d4", size = 12901, upload-time = "2020-10-20T20:16:52.583Z" },
]

[[package]]
name = "setuptools"
version = "79.0.1"
source = { registry = "https://pypi.org/simple" }
sdist = { url = "https://files.pythonhosted.org/packages/bb/71/b6365e6325b3290e14957b2c3a804a529968c77a049b2ed40c095f749707/setuptools-79.0.1.tar.gz", hash = "sha256:128ce7b8f33c3079fd1b067ecbb4051a66e8526e7b65f6cec075dfc650ddfa88", size = 1367909, upload-time = "2025-04-23T22:20:59.241Z" }
wheels = [
    { url = "https://files.pythonhosted.org/packages/0d/6d/b4752b044bf94cb802d88a888dc7d288baaf77d7910b7dedda74b5ceea0c/setuptools-79.0.1-py3-none-any.whl", hash = "sha256:e147c0549f27767ba362f9da434eab9c5dc0045d5304feb602a0af001089fc51", size = 1256281, upload-time = "2025-04-23T22:20:56.768Z" },
]

[[package]]
name = "six"
version = "1.17.0"
source = { registry = "https://pypi.org/simple" }
sdist = { url = "https://files.pythonhosted.org/packages/94/e7/b2c673351809dca68a0e064b6af791aa332cf192da575fd474ed7d6f16a2/six-1.17.0.tar.gz", hash = "sha256:ff70335d468e7eb6ec65b95b99d3a2836546063f63acc5171de367e834932a81", size = 34031, upload-time = "2024-12-04T17:35:28.174Z" }
wheels = [
    { url = "https://files.pythonhosted.org/packages/b7/ce/149a00dd41f10bc29e5921b496af8b574d8413afcd5e30dfa0ed46c2cc5e/six-1.17.0-py2.py3-none-any.whl", hash = "sha256:4721f391ed90541fddacab5acf947aa0d3dc7d27b2e1e8eda2be8970586c3274", size = 11050, upload-time = "2024-12-04T17:35:26.475Z" },
]

[[package]]
name = "strict-rfc3339"
version = "0.7"
source = { registry = "https://pypi.org/simple" }
sdist = { url = "https://files.pythonhosted.org/packages/56/e4/879ef1dbd6ddea1c77c0078cd59b503368b0456bcca7d063a870ca2119d3/strict-rfc3339-0.7.tar.gz", hash = "sha256:5cad17bedfc3af57b399db0fed32771f18fc54bbd917e85546088607ac5e1277", size = 17552, upload-time = "2016-04-24T04:24:04.403Z" }

[[package]]
name = "threadpoolctl"
version = "3.6.0"
source = { registry = "https://pypi.org/simple" }
sdist = { url = "https://files.pythonhosted.org/packages/b7/4d/08c89e34946fce2aec4fbb45c9016efd5f4d7f24af8e5d93296e935631d8/threadpoolctl-3.6.0.tar.gz", hash = "sha256:8ab8b4aa3491d812b623328249fab5302a68d2d71745c8a4c719a2fcaba9f44e", size = 21274, upload-time = "2025-03-13T13:49:23.031Z" }
wheels = [
    { url = "https://files.pythonhosted.org/packages/32/d5/f9a850d79b0851d1d4ef6456097579a9005b31fea68726a4ae5f2d82ddd9/threadpoolctl-3.6.0-py3-none-any.whl", hash = "sha256:43a0b8fd5a2928500110039e43a5eed8480b918967083ea48dc3ab9f13c4a7fb", size = 18638, upload-time = "2025-03-13T13:49:21.846Z" },
]

[[package]]
name = "tqdm"
version = "4.68.2"
source = { registry = "https://pypi.org/simple" }
dependencies = [
    { name = "colorama", marker = "sys_platform == 'win32'" },
]
sdist = { url = "https://files.pythonhosted.org/packages/85/05/0d5260f1f1ca784f4a4a0def9cbe6affe587f5b4025328d446c3d67765f4/tqdm-4.68.2.tar.gz", hash = "sha256:89c230e8dbc67c7615c142487111222f878c77427ea09549960f62389e258add", size = 171923, upload-time = "2026-06-09T13:26:42.539Z" }
wheels = [
    { url = "https://files.pythonhosted.org/packages/eb/75/1a0392bcc21c44dcdf87b3cf2d137e7829be2c083a1e38d44efca3d57a16/tqdm-4.68.2-py3-none-any.whl", hash = "sha256:d4240441fb5353290b87d6a85968c9decc131a99b8c7faa28269d829de669ede", size = 78578, upload-time = "2026-06-09T13:26:40.731Z" },
]

[[package]]
name = "urllib3"
version = "1.25.11"
source = { registry = "https://pypi.org/simple" }
sdist = { url = "https://files.pythonhosted.org/packages/76/d9/bbbafc76b18da706451fa91bc2ebe21c0daf8868ef3c30b869ac7cb7f01d/urllib3-1.25.11.tar.gz", hash = "sha256:8d7eaa5a82a1cac232164990f04874c594c9453ec55eef02eab885aa02fc17a2", size = 260300, upload-time = "2020-10-19T14:17:23.83Z" }
wheels = [
    { url = "https://files.pythonhosted.org/packages/56/aa/4ef5aa67a9a62505db124a5cb5262332d1d4153462eb8fd89c9fa41e5d92/urllib3-1.25.11-py2.py3-none-any.whl", hash = "sha256:f5321fbe4bf3fefa0efd0bfe7fb14e90909eb62a48ccda331726b4319897dd5e", size = 127978, upload-time = "2020-10-19T14:17:20.705Z" },
]

[[package]]
name = "validate-email"
version = "1.3"
source = { registry = "https://pypi.org/simple" }
sdist = { url = "https://files.pythonhosted.org/packages/84/a0/cb53fb64b52123513d04f9b913b905f3eb6fda7264e639b4573cc715c29f/validate_email-1.3.tar.gz", hash = "sha256:784719dc5f780be319cdd185dc85dd93afebdb6ebb943811bc4c7c5f9c72aeaf", size = 4694, upload-time = "2015-03-23T04:22:45.115Z" }
