version = 1
revision = 3
requires-python = "==3.9.*"

[[package]]
name = "attrs"
version = "26.1.0"
source = { registry = "https://pypi.org/simple" }
sdist = { url = "https://files.pythonhosted.org/packages/9a/8e/82a0fe20a541c03148528be8cac2408564a6c9a0cc7e9171802bc1d26985/attrs-26.1.0.tar.gz", hash = "sha256:d03ceb89cb322a8fd706d4fb91940737b6642aa36998fe130a9bc96c985eff32", size = 952055, upload-time = "2026-03-19T14:22:25.026Z" }
wheels = [
    { url = "https://files.pythonhosted.org/packages/64/b4/17d4b0b2a2dc85a6df63d1157e028ed19f90d4cd97c36717afef2bc2f395/attrs-26.1.0-py3-none-any.whl", hash = "sha256:c647aa4a12dfbad9333ca4e71fe62ddc36f4e63b2d260a37a8b83d2f043ac309", size = 67548, upload-time = "2026-03-19T14:22:23.645Z" },
]

[[package]]
name = "certifi"
version = "2026.5.20"
source = { registry = "https://pypi.org/simple" }
sdist = { url = "https://files.pythonhosted.org/packages/f3/ce/ee2ecad540810a79593028e88299baeae54d346cc7a0d94b6199988b89b1/certifi-2026.5.20.tar.gz", hash = "sha256:69dea482ab64caa7b9f6aba1c6bf48bb6a5448d1c0f1b17ab42ad8c763a5344d", size = 135422, upload-time = "2026-05-20T11:46:50.073Z" }
wheels = [
    { url = "https://files.pythonhosted.org/packages/59/8c/57e832b7af6d7c5abe66eb3fbe3a3a32f4d11ea23a1aa7131371035be991/certifi-2026.5.20-py3-none-any.whl", hash = "sha256:3c52e209ba0a4ad7aebe60436a4ab349c39e1e602e8c134221e546902ad25897", size = 134134, upload-time = "2026-05-20T11:46:48.578Z" },
]

[[package]]
name = "chardet"
version = "5.2.0"
source = { registry = "https://pypi.org/simple" }
sdist = { url = "https://files.pythonhosted.org/packages/f3/0d/f7b6ab21ec75897ed80c17d79b15951a719226b9fababf1e40ea74d69079/chardet-5.2.0.tar.gz", hash = "sha256:1b3b6ff479a8c414bc3fa2c0852995695c4a026dcd6d0633b2dd092ca39c1cf7", size = 2069618, upload-time = "2023-08-01T19:23:02.662Z" }
wheels = [
    { url = "https://files.pythonhosted.org/packages/38/6f/f5fbc992a329ee4e0f288c1fe0e2ad9485ed064cac731ed2fe47dcc38cbf/chardet-5.2.0-py3-none-any.whl", hash = "sha256:e1cf59446890a00105fe7b7912492ea04b6e6f06d4b742b2c788469e34c82970", size = 199385, upload-time = "2023-08-01T19:23:00.661Z" },
]

[[package]]
name = "charset-normalizer"
version = "3.4.7"
source = { registry = "https://pypi.org/simple" }
sdist = { url = "https://files.pythonhosted.org/packages/e7/a1/67fe25fac3c7642725500a3f6cfe5821ad557c3abb11c9d20d12c7008d3e/charset_normalizer-3.4.7.tar.gz", hash = "sha256:ae89db9e5f98a11a4bf50407d4363e7b09b31e55bc117b4f7d80aab97ba009e5", size = 144271, upload-time = "2026-04-02T09:28:39.342Z" }
wheels = [
    { url = "https://files.pythonhosted.org/packages/01/1b/ef725f8eb19b5a261b30f78efa9252ef9d017985cb499102f6f49834cd12/charset_normalizer-3.4.7-cp39-cp39-macosx_10_9_universal2.whl", hash = "sha256:177a0ba5f0211d488e295aaf82707237e331c24788d8d76c96c5a41594723217", size = 299121, upload-time = "2026-04-02T09:28:14.372Z" },
    { url = "https://files.pythonhosted.org/packages/a3/22/2f12878fbc680fbbb52386cd39a379801f62eaca74fc8b323381325f0f04/charset_normalizer-3.4.7-cp39-cp39-manylinux2014_aarch64.manylinux_2_17_aarch64.manylinux_2_28_aarch64.whl", hash = "sha256:6e0d51f618228538a3e8f46bd246f87a6cd030565e015803691603f55e12afb5", size = 200612, upload-time = "2026-04-02T09:28:16.162Z" },
    { url = "https://files.pythonhosted.org/packages/bc/b6/10c84e789126ca97d4a7228863a30481e786980a8b8cfcbf4f30658ca63c/charset_normalizer-3.4.7-cp39-cp39-manylinux2014_ppc64le.manylinux_2_17_ppc64le.manylinux_2_28_ppc64le.whl", hash = "sha256:14265bfe1f09498b9d8ec91e9ec9fa52775edf90fcbde092b25f4a33d444fea9", size = 221041, upload-time = "2026-04-02T09:28:17.554Z" },
    { url = "https://files.pythonhosted.org/packages/21/7b/c414866a138400b2e81973d006da7f694cfeaf895ef07d2cba9a8743841a/charset_normalizer-3.4.7-cp39-cp39-manylinux2014_s390x.manylinux_2_17_s390x.manylinux_2_28_s390x.whl", hash = "sha256:87fad7d9ba98c86bcb41b2dc8dbb326619be2562af1f8ff50776a39e55721c5a", size = 216323, upload-time = "2026-04-02T09:28:18.863Z" },
    { url = "https://files.pythonhosted.org/packages/2e/92/bdcf94997e06b223d826df3abed45a5ad6e17f609b7df9d25cd23b5bde30/charset_normalizer-3.4.7-cp39-cp39-manylinux2014_x86_64.manylinux_2_17_x86_64.manylinux_2_28_x86_64.whl", hash = "sha256:f22dec1690b584cea26fade98b2435c132c1b5f68e39f5a0b7627cd7ae31f1dc", size = 208419, upload-time = "2026-04-02T09:28:20.332Z" },
    { url = "https://files.pythonhosted.org/packages/1a/64/3f9142293c88b1b10e199649ed1330f070c2a68e305335a5819fa7f25fa7/charset_normalizer-3.4.7-cp39-cp39-manylinux_2_31_armv7l.whl", hash = "sha256:d61f00a0869d77422d9b2aba989e2d24afa6ffd552af442e0e58de4f35ea6d00", size = 195016, upload-time = "2026-04-02T09:28:21.657Z" },
    { url = "https://files.pythonhosted.org/packages/c1/d1/d8a6b7dd5c5636b76ce0d080bc57d8e56c7bbd6bc2ac941529a35e41d84a/charset_normalizer-3.4.7-cp39-cp39-manylinux_2_31_riscv64.manylinux_2_39_riscv64.whl", hash = "sha256:6370e8686f662e6a3941ee48ed4742317cafbe5707e36406e9df792cdb535776", size = 206115, upload-time = "2026-04-02T09:28:23.259Z" },
    { url = "https://files.pythonhosted.org/packages/dd/8c/60ebe912379627d023eb96995b40bc50308729f210f43d66109ca0a7bbd2/charset_normalizer-3.4.7-cp39-cp39-musllinux_1_2_aarch64.whl", hash = "sha256:a6c5863edfbe888d9eff9c8b8087354e27618d9da76425c119293f11712a6319", size = 204022, upload-time = "2026-04-02T09:28:24.779Z" },
    { url = "https://files.pythonhosted.org/packages/d5/2a/41816ceda78a551cbfdfbeab6f3891152b0e3f758ce6580c2c18c829f774/charset_normalizer-3.4.7-cp39-cp39-musllinux_1_2_armv7l.whl", hash = "sha256:ed065083d0898c9d5b4bbec7b026fd755ff7454e6e8b73a67f8c744b13986e24", size = 195914, upload-time = "2026-04-02T09:28:26.181Z" },
    { url = "https://files.pythonhosted.org/packages/8f/9b/7c7f4b7f11525fcbdfba752455314ac60646bae91cdd671d531c1f7a97c6/charset_normalizer-3.4.7-cp39-cp39-musllinux_1_2_ppc64le.whl", hash = "sha256:2cd4a60d0e2fb04537162c62bbbb4182f53541fe0ede35cdf270a1c1e723cc42", size = 222159, upload-time = "2026-04-02T09:28:27.504Z" },
    { url = "https://files.pythonhosted.org/packages/9f/57/301682e7469bdbfa2ce219a804f0668b2266ab8520570d85d3b3ef483ea3/charset_normalizer-3.4.7-cp39-cp39-musllinux_1_2_riscv64.whl", hash = "sha256:813c0e0132266c08eb87469a642cb30aaff57c5f426255419572aaeceeaa7bf4", size = 206154, upload-time = "2026-04-02T09:28:28.848Z" },
    { url = "https://files.pythonhosted.org/packages/20/ec/90339ff5cdc598b265748c1f231c7d7fbd9123a92cee10f757e0b1448de4/charset_normalizer-3.4.7-cp39-cp39-musllinux_1_2_s390x.whl", hash = "sha256:07d9e39b01743c3717745f4c530a6349eadbfa043c7577eef86c502c15df2c67", size = 217423, upload-time = "2026-04-02T09:28:30.248Z" },
    { url = "https://files.pythonhosted.org/packages/2e/e7/a7a6147f8e3375676309cf584b25c72a3bab784ea4085b0011fa07b23aeb/charset_normalizer-3.4.7-cp39-cp39-musllinux_1_2_x86_64.whl", hash = "sha256:c0f081d69a6e58272819b70288d3221a6ee64b98df852631c80f293514d3b274", size = 210604, upload-time = "2026-04-02T09:28:31.736Z" },
    { url = "https://files.pythonhosted.org/packages/1a/62/d9340c7a79c393e57807d7fb6c57e82060687891f81b74d3201958b919c1/charset_normalizer-3.4.7-cp39-cp39-win32.whl", hash = "sha256:8751d2787c9131302398b11e6c8068053dcb55d5a8964e114b6e196cf16cb366", size = 144631, upload-time = "2026-04-02T09:28:33.158Z" },
    { url = "https://files.pythonhosted.org/packages/21/e7/92901117e2ddc8facfe8235a3ecd4eb482185b2ad5d5b6606b37c1afea06/charset_normalizer-3.4.7-cp39-cp39-win_amd64.whl", hash = "sha256:12a6fff75f6bc66711b73a2f0addfc4c8c15a20e805146a02d147a318962c444", size = 154710, upload-time = "2026-04-02T09:28:34.557Z" },
    { url = "https://files.pythonhosted.org/packages/cc/4f/e1fb138201ad9a32499dd9a98aa4a5a5441fbf7f56b52b619a54b7ee8777/charset_normalizer-3.4.7-cp39-cp39-win_arm64.whl", hash = "sha256:bb8cc7534f51d9a017b93e3e85b260924f909601c3df002bcdb58ddb4dc41a5c", size = 143716, upload-time = "2026-04-02T09:28:35.908Z" },
    { url = "https://files.pythonhosted.org/packages/db/8f/61959034484a4a7c527811f4721e75d02d653a35afb0b6054474d8185d4c/charset_normalizer-3.4.7-py3-none-any.whl", hash = "sha256:3dce51d0f5e7951f8bb4900c257dad282f49190fdbebecd4ba99bcc41fef404d", size = 61958, upload-time = "2026-04-02T09:28:37.794Z" },
]

[[package]]
name = "idna"
version = "2.10"
source = { registry = "https://pypi.org/simple" }
sdist = { url = "https://files.pythonhosted.org/packages/ea/b7/e0e3c1c467636186c39925827be42f16fee389dc404ac29e930e9136be70/idna-2.10.tar.gz", hash = "sha256:b307872f855b18632ce0c21c5e45be78c0ea7ae4c15c828c20788b26921eb3f6", size = 175616, upload-time = "2020-06-27T23:45:05.21Z" }
wheels = [
    { url = "https://files.pythonhosted.org/packages/a2/38/928ddce2273eaa564f6f50de919327bf3a00f091b5baba8dfa9460f3a8a8/idna-2.10-py2.py3-none-any.whl", hash = "sha256:b97d804b1e9b523befed77c48dacec60e6dcb0b5391d57af6a65a312a90648c0", size = 58811, upload-time = "2020-06-27T23:45:03.457Z" },
]

[[package]]
name = "isodate"
version = "0.7.2"
source = { registry = "https://pypi.org/simple" }
sdist = { url = "https://files.pythonhosted.org/packages/54/4d/e940025e2ce31a8ce1202635910747e5a87cc3a6a6bb2d00973375014749/isodate-0.7.2.tar.gz", hash = "sha256:4cd1aa0f43ca76f4a6c6c0292a85f40b35ec2e43e315b59f06e6d32171a953e6", size = 29705, upload-time = "2024-10-08T23:04:11.5Z" }
wheels = [
    { url = "https://files.pythonhosted.org/packages/15/aa/0aca39a37d3c7eb941ba736ede56d689e7be91cab5d9ca846bde3999eba6/isodate-0.7.2-py3-none-any.whl", hash = "sha256:28009937d8031054830160fce6d409ed342816b543597cece116d966c6d99e15", size = 22320, upload-time = "2024-10-08T23:04:09.501Z" },
]

[[package]]
name = "jsonschema"
version = "3.2.0"
source = { registry = "https://pypi.org/simple" }
dependencies = [
    { name = "attrs" },
    { name = "pyrsistent" },
    { name = "setuptools" },
    { name = "six" },
]
sdist = { url = "https://files.pythonhosted.org/packages/69/11/a69e2a3c01b324a77d3a7c0570faa372e8448b666300c4117a516f8b1212/jsonschema-3.2.0.tar.gz", hash = "sha256:c8a85b28d377cc7737e46e2d9f2b4f44ee3c0e1deac6bf46ddefc7187d30797a", size = 167226, upload-time = "2019-11-18T12:57:10.704Z" }
wheels = [
    { url = "https://files.pythonhosted.org/packages/c5/8f/51e89ce52a085483359217bc72cdbf6e75ee595d5b1d4b5ade40c7e018b8/jsonschema-3.2.0-py2.py3-none-any.whl", hash = "sha256:4e5b3cf8216f577bee9ce139cbe72eca3ea4f292ec60928ff24758ce626cd163", size = 56305, upload-time = "2019-11-18T12:57:08.454Z" },
]

[[package]]
name = "morest"
version = "1.0.0"
source = { virtual = "." }
dependencies = [
    { name = "openapi-schema-validator" },
    { name = "openapi-spec-validator" },
    { name = "prance" },
    { name = "setuptools" },
]

[package.metadata]
requires-dist = [
    { name = "openapi-schema-validator", specifier = "==0.1.6" },
    { name = "openapi-spec-validator", specifier = "==0.3.3" },
    { name = "prance", specifier = ">=0.19.0" },
    { name = "setuptools", specifier = "<80" },
]

[[package]]
name = "openapi-schema-validator"
version = "0.1.6"
source = { registry = "https://pypi.org/simple" }
dependencies = [
    { name = "isodate" },
    { name = "jsonschema" },
    { name = "six" },
]
sdist = { url = "https://files.pythonhosted.org/packages/b0/92/78320f3b3ff1768ee1e325fc7e1a721c16cee1e244d9fb6817971afb78db/openapi-schema-validator-0.1.6.tar.gz", hash = "sha256:230db361c71a5b08b25ec926797ac8b59a8f499bbd7316bd15b6cd0fc9aea5df", size = 7068, upload-time = "2021-12-28T11:31:16.934Z" }
wheels = [
    { url = "https://files.pythonhosted.org/packages/b9/4b/4cf4b5b044606fd7765242219ba5e02d3c01550d43fab68e588191508fc1/openapi_schema_validator-0.1.6-py3-none-any.whl", hash = "sha256:af023ae0d16372cf8dd0d128c9f3eaa080dc3cd5dfc69e6a247579f25bd10503", size = 7949, upload-time = "2021-12-28T11:31:18.046Z" },
]

[[package]]
name = "openapi-spec-validator"
version = "0.3.3"
source = { registry = "https://pypi.org/simple" }
dependencies = [
    { name = "jsonschema" },
    { name = "openapi-schema-validator" },
    { name = "pyrsistent" },
    { name = "pyyaml" },
    { name = "setuptools" },
    { name = "six" },
]
sdist = { url = "https://files.pythonhosted.org/packages/1d/3a/d42f3f2ff0ecb8f902cbfa0f0ffde59cb2f8deec71ee057ffbd77bf0ac53/openapi-spec-validator-0.3.3.tar.gz", hash = "sha256:43d606c5910ed66e1641807993bd0a981de2fc5da44f03e1c4ca2bb65b94b68e", size = 26881, upload-time = "2022-01-27T10:47:01.645Z" }
wheels = [
    { url = "https://files.pythonhosted.org/packages/95/06/9b183f889f32fd1532828eea3c2fb1387921e0263584a31a1d7065a7e77b/openapi_spec_validator-0.3.3-py2.py3-none-any.whl", hash = "sha256:49d7da81996714445116f6105c9c5955c0e197ef8636da4f368c913f64753443", size = 31790, upload-time = "2022-01-27T10:47:02.947Z" },
]

[[package]]
name = "packaging"
version = "26.2"
source = { registry = "https://pypi.org/simple" }
sdist = { url = "https://files.pythonhosted.org/packages/d7/f1/e7a6dd94a8d4a5626c03e4e99c87f241ba9e350cd9e6d75123f992427270/packaging-26.2.tar.gz", hash = "sha256:ff452ff5a3e828ce110190feff1178bb1f2ea2281fa2075aadb987c2fb221661", size = 228134, upload-time = "2026-04-24T20:15:23.917Z" }
wheels = [
    { url = "https://files.pythonhosted.org/packages/df/b2/87e62e8c3e2f4b32e5fe99e0b86d576da1312593b39f47d8ceef365e95ed/packaging-26.2-py3-none-any.whl", hash = "sha256:5fc45236b9446107ff2415ce77c807cee2862cb6fac22b8a73826d0693b0980e", size = 100195, upload-time = "2026-04-24T20:15:22.081Z" },
]

[[package]]
name = "prance"
version = "23.6.21.0"
source = { registry = "https://pypi.org/simple" }
dependencies = [
    { name = "chardet" },
    { name = "packaging" },
    { name = "requests" },
    { name = "ruamel-yaml" },
    { name = "six" },
]
sdist = { url = "https://files.pythonhosted.org/packages/73/f0/bcb5ffc8b7ab8e3d02dbef3bd945cf8fd6e12c146774f900659406b9fce1/prance-23.6.21.0.tar.gz", hash = "sha256:d8c15f8ac34019751cc4945f866d8d964d7888016d10de3592e339567177cabe", size = 2798776, upload-time = "2023-06-21T20:01:57.142Z" }
wheels = [
    { url = "https://files.pythonhosted.org/packages/c9/db/4fb4901ee61274d0ab97746461fc5f2637e5d73aa73f34ee28e941a699a1/prance-23.6.21.0-py3-none-any.whl", hash = "sha256:6a4276fa07ed9f22feda4331097d7503c4adc3097e46ffae97425f2c1026bd9f", size = 36279, upload-time = "2023-06-21T20:01:54.936Z" },
]

[[package]]
name = "pyrsistent"
version = "0.16.1"
source = { registry = "https://pypi.org/simple" }
dependencies = [
    { name = "six" },
]
sdist = { url = "https://files.pythonhosted.org/packages/80/18/1492d651693ef7d40e0a40377ed56a8cc5c5fe86073eb6c56e53513f4480/pyrsistent-0.16.1.tar.gz", hash = "sha256:aa2ae1c2e496f4d6777f869ea5de7166a8ccb9c2e06ebcf6c7ff1b670c98c5ef", size = 108176, upload-time = "2020-09-13T06:51:59.526Z" }

[[package]]
name = "pyyaml"
version = "5.4.1"
source = { registry = "https://pypi.org/simple" }
sdist = { url = "https://files.pythonhosted.org/packages/a0/a4/d63f2d7597e1a4b55aa3b4d6c5b029991d3b824b5bd331af8d4ab1ed687d/PyYAML-5.4.1.tar.gz", hash = "sha256:607774cbba28732bfa802b54baa7484215f530991055bb562efbed5b2f20a45e", size = 175147, upload-time = "2021-01-20T22:07:59.479Z" }
wheels = [
    { url = "https://files.pythonhosted.org/packages/e9/2d/297c01c7ed7d4d040903807824dc64d4f7bb53c15183ac9d7cb496d843eb/PyYAML-5.4.1-cp39-cp39-macosx_10_9_x86_64.whl", hash = "sha256:294db365efa064d00b8d1ef65d8ea2c3426ac366c0c4368d930bf1c5fb497f77", size = 259348, upload-time = "2021-01-20T22:07:54.468Z" },
    { url = "https://files.pythonhosted.org/packages/3d/1f/2a3705efca3b47161ceaaf52970a9d4b81cc84600818686ecd75093a00a5/PyYAML-5.4.1-cp39-cp39-manylinux1_x86_64.whl", hash = "sha256:74c1485f7707cf707a7aef42ef6322b8f97921bd89be2ab6317fd782c2d53183", size = 630116, upload-time = "2021-01-20T22:07:55.914Z" },
    { url = "https://files.pythonhosted.org/packages/38/b1/ece9535e842b64e6e0676f5e4f506f1b395d9aaaea6f3ea9abad498a8697/PyYAML-5.4.1-cp39-cp39-manylinux2014_aarch64.whl", hash = "sha256:d483ad4e639292c90170eb6f7783ad19490e7a8defb3e46f97dfe4bacae89122", size = 788834, upload-time = "2021-03-08T18:48:26.736Z" },
    { url = "https://files.pythonhosted.org/packages/74/8d/0cc7f89444cb9c54bfdf07b0c29843f2f9fe0679bdb4e56ba5042e273a61/PyYAML-5.4.1-cp39-cp39-manylinux2014_s390x.whl", hash = "sha256:fdc842473cd33f45ff6bce46aea678a54e3d21f1b61a7750ce3c498eedfe25d6", size = 814667, upload-time = "2021-03-08T18:48:28.515Z" },
    { url = "https://files.pythonhosted.org/packages/28/4c/e1e281a7b74f2422ae05fdfc2cb1a8a055b30dbec58a94054eac85d355a1/PyYAML-5.4.1-cp39-cp39-win32.whl", hash = "sha256:49d4cdd9065b9b6e206d0595fee27a96b5dd22618e7520c33204a4a3239d5b10", size = 196288, upload-time = "2021-01-20T22:07:57.05Z" },
    { url = "https://files.pythonhosted.org/packages/bd/cb/9a65a8a852868ebfb7f6e631c2c0bf7e39c9f7a757ee329078a35534fc5b/PyYAML-5.4.1-cp39-cp39-win_amd64.whl", hash = "sha256:c20cfa2d49991c8b4147af39859b167664f2ad4561704ee74c1de03318e898db", size = 213425, upload-time = "2021-01-20T22:07:58.45Z" },
]

[[package]]
name = "requests"
version = "2.32.5"
source = { registry = "https://pypi.org/simple" }
dependencies = [
    { name = "certifi" },
    { name = "charset-normalizer" },
    { name = "idna" },
    { name = "urllib3" },
]
sdist = { url = "https://files.pythonhosted.org/packages/c9/74/b3ff8e6c8446842c3f5c837e9c3dfcfe2018ea6ecef224c710c85ef728f4/requests-2.32.5.tar.gz", hash = "sha256:dbba0bac56e100853db0ea71b82b4dfd5fe2bf6d3754a8893c3af500cec7d7cf", size = 134517, upload-time = "2025-08-18T20:46:02.573Z" }
wheels = [
    { url = "https://files.pythonhosted.org/packages/1e/db/4254e3eabe8020b458f1a747140d32277ec7a271daf1d235b70dc0b4e6e3/requests-2.32.5-py3-none-any.whl", hash = "sha256:2462f94637a34fd532264295e186976db0f5d453d1cdd31473c85a6a161affb6", size = 64738, upload-time = "2025-08-18T20:46:00.542Z" },
]

[[package]]
name = "ruamel-yaml"
version = "0.19.1"
source = { registry = "https://pypi.org/simple" }
sdist = { url = "https://files.pythonhosted.org/packages/c7/3b/ebda527b56beb90cb7652cb1c7e4f91f48649fbcd8d2eb2fb6e77cd3329b/ruamel_yaml-0.19.1.tar.gz", hash = "sha256:53eb66cd27849eff968ebf8f0bf61f46cdac2da1d1f3576dd4ccee9b25c31993", size = 142709, upload-time = "2026-01-02T16:50:31.84Z" }
wheels = [
    { url = "https://files.pythonhosted.org/packages/b8/0c/51f6841f1d84f404f92463fc2b1ba0da357ca1e3db6b7fbda26956c3b82a/ruamel_yaml-0.19.1-py3-none-any.whl", hash = "sha256:27592957fedf6e0b62f281e96effd28043345e0e66001f97683aa9a40c667c93", size = 118102, upload-time = "2026-01-02T16:50:29.201Z" },
]

[[package]]
name = "setuptools"
version = "79.0.1"
source = { registry = "https://pypi.org/simple" }
sdist = { url = "https://files.pythonhosted.org/packages/bb/71/b6365e6325b3290e14957b2c3a804a529968c77a049b2ed40c095f749707/setuptools-79.0.1.tar.gz", hash = "sha256:128ce7b8f33c3079fd1b067ecbb4051a66e8526e7b65f6cec075dfc650ddfa88", size = 1367909, upload-time = "2025-04-23T22:20:59.241Z" }
wheels = [
    { url = "https://files.pythonhosted.org/packages/0d/6d/b4752b044bf94cb802d88a888dc7d288baaf77d7910b7dedda74b5ceea0c/setuptools-79.0.1-py3-none-any.whl", hash = "sha256:e147c0549f27767ba362f9da434eab9c5dc0045d5304feb602a0af001089fc51", size = 1256281, upload-time = "2025-04-23T22:20:56.768Z" },
]

[[package]]
name = "six"
version = "1.17.0"
source = { registry = "https://pypi.org/simple" }
sdist = { url = "https://files.pythonhosted.org/packages/94/e7/b2c673351809dca68a0e064b6af791aa332cf192da575fd474ed7d6f16a2/six-1.17.0.tar.gz", hash = "sha256:ff70335d468e7eb6ec65b95b99d3a2836546063f63acc5171de367e834932a81", size = 34031, upload-time = "2024-12-04T17:35:28.174Z" }
wheels = [
    { url = "https://files.pythonhosted.org/packages/b7/ce/149a00dd41f10bc29e5921b496af8b574d8413afcd5e30dfa0ed46c2cc5e/six-1.17.0-py2.py3-none-any.whl", hash = "sha256:4721f391ed90541fddacab5acf947aa0d3dc7d27b2e1e8eda2be8970586c3274", size = 11050, upload-time = "2024-12-04T17:35:26.475Z" },
]

[[package]]
name = "urllib3"
version = "2.6.3"
source = { registry = "https://pypi.org/simple" }
sdist = { url = "https://files.pythonhosted.org/packages/c7/24/5f1b3bdffd70275f6661c76461e25f024d5a38a46f04aaca912426a2b1d3/urllib3-2.6.3.tar.gz", hash = "sha256:1b62b6884944a57dbe321509ab94fd4d3b307075e0c2eae991ac71ee15ad38ed", size = 435556, upload-time = "2026-01-07T16:24:43.925Z" }
wheels = [
    { url = "https://files.pythonhosted.org/packages/39/08/aaaad47bc4e9dc8c725e68f9d04865dbcb2052843ff09c97b08904852d84/urllib3-2.6.3-py3-none-any.whl", hash = "sha256:bf272323e553dfb2e87d9bfd225ca7b0f467b919d7bbd355436d3fd37cb0acd4", size = 131584, upload-time = "2026-01-07T16:24:42.685Z" },
]
